<?xml version="1.0" encoding="UTF-8" standalone="yes" ?>
<CodeBlocks_project_file>
	<FileVersion major="1" minor="6" />
	<Project>
		<Option title="MaquinaCliente" />
		<Option pch_mode="2" />
		<Option compiler="gcc" />
		<Build>
			<Target title="Debug">
				<Option output="bin/Debug/MaquinaCliente" prefix_auto="1" extension_auto="1" />
				<Option object_output="obj/Debug/" />
				<Option type="1" />
				<Option compiler="gcc" />
				<Compiler>
					<Add option="-g" />
					<Add directory="include" />
				</Compiler>
			</Target>
			<Target title="Release">
				<Option output="bin/Release/MaquinaCliente" prefix_auto="1" extension_auto="1" />
				<Option object_output="obj/Release/" />
				<Option type="1" />
				<Option compiler="gcc" />
				<Compiler>
					<Add option="-O2" />
					<Add directory="include" />
				</Compiler>
				<Linker>
					<Add option="-s" />
				</Linker>
			</Target>
		</Build>
		<Compiler>
			<Add option="-Wall" />
			<Add option="-fexceptions" />
			<Add directory="../SFML_2.5.1/include" />
			<Add directory="/usr/include/cppconn" />
		</Compiler>
		<Linker>
			<Add option="-pthread" />
			<Add library="../SFML_2.5.1/lib/libsfml-graphics.so" />
			<Add library="../SFML_2.5.1/lib/libsfml-network.so" />
			<Add library="../SFML_2.5.1/lib/libsfml-system.so" />
			<Add library="../SFML_2.5.1/lib/libsfml-window.so" />
			<Add library="/usr/lib/x86_64-linux-gnu/libmysqlcppconn.so" />
			<Add directory="../SFML_2.5.1/lib" />
			<Add directory="/usr/lib/x86_64-linux-gnu" />
		</Linker>
		<Unit filename="include/Enemy2.h" />
		<Unit filename="include/Player2.h" />
		<Unit filename="include/Types.h">
			<Option target="&lt;{~None~}&gt;" />
		</Unit>
		<Unit filename="include/Utils2.h" />
		<Unit filename="include/clientHeader2.h" />
		<Unit filename="main.cpp" />
		<Unit filename="src/Enemy2.cpp" />
		<Unit filename="src/Player2.cpp" />
		<Unit filename="src/Utils2" />
		<Unit filename="src/Utils2.cpp" />
		<Unit filename="src/clientHeader2.cpp" />
		<Extensions>
			<code_completion />
			<debugger />
			<envvars />
		</Extensions>
	</Project>
</CodeBlocks_project_file>
